
Microsoft Visual Studio Solution File, Format Version 12.00
# Visual Studio 2012
Project("{FAE04EC0-301F-11D3-BF4B-00C04F79EFBC}") = "CSerpisAd", "CSerpisAd\CSerpisAd.csproj", "{913BEFE7-456F-4358-A3D3-6F8E4E9E58D8}"
EndProject
Global
	GlobalSection(SolutionConfigurationPlatforms) = preSolution
		Debug|Any CPU = Debug|Any CPU
		Release|Any CPU = Release|Any CPU
	EndGlobalSection
	GlobalSection(ProjectConfigurationPlatforms) = postSolution
		{913BEFE7-456F-4358-A3D3-6F8E4E9E58D8}.Debug|Any CPU.ActiveCfg = Debug|Any CPU
		{913BEFE7-456F-4358-A3D3-6F8E4E9E58D8}.Debug|Any CPU.Build.0 = Debug|Any CPU
		{913BEFE7-456F-4358-A3D3-6F8E4E9E58D8}.Release|Any CPU.ActiveCfg = Release|Any CPU
		{913BEFE7-456F-4358-A3D3-6F8E4E9E58D8}.Release|Any CPU.Build.0 = Release|Any CPU
	EndGlobalSection
EndGlobal
