
Microsoft Visual Studio Solution File, Format Version 12.00
# Visual Studio 2012
Project("{FAE04EC0-301F-11D3-BF4B-00C04F79EFBC}") = "CArticulo", "CArticulo\CArticulo.csproj", "{A489A788-5D21-4C33-893A-1B2F6B213E43}"
EndProject
Global
	GlobalSection(SolutionConfigurationPlatforms) = preSolution
		Debug|x86 = Debug|x86
		Release|x86 = Release|x86
	EndGlobalSection
	GlobalSection(ProjectConfigurationPlatforms) = postSolution
		{A489A788-5D21-4C33-893A-1B2F6B213E43}.Debug|x86.ActiveCfg = Debug|x86
		{A489A788-5D21-4C33-893A-1B2F6B213E43}.Debug|x86.Build.0 = Debug|x86
		{A489A788-5D21-4C33-893A-1B2F6B213E43}.Release|x86.ActiveCfg = Release|x86
		{A489A788-5D21-4C33-893A-1B2F6B213E43}.Release|x86.Build.0 = Release|x86
	EndGlobalSection
EndGlobal
